
Microsoft Visual Studio Solution File, Format Version 12.00
# Visual Studio 2012
Project("{FAE04EC0-301F-11D3-BF4B-00C04F79EFBC}") = "MeHasVisto", "MeHasVisto\MeHasVisto.csproj", "{CF48D6A6-0EF8-48D5-9F64-1AD671E81D18}"
EndProject
Project("{FAE04EC0-301F-11D3-BF4B-00C04F79EFBC}") = "MeHasVisto.Tests", "MeHasVisto.Tests\MeHasVisto.Tests.csproj", "{D13FD020-E596-4FF9-91C5-78C7048CD839}"
EndProject
Global
	GlobalSection(SolutionConfigurationPlatforms) = preSolution
		Debug|Any CPU = Debug|Any CPU
		Release|Any CPU = Release|Any CPU
	EndGlobalSection
	GlobalSection(ProjectConfigurationPlatforms) = postSolution
		{CF48D6A6-0EF8-48D5-9F64-1AD671E81D18}.Debug|Any CPU.ActiveCfg = Debug|Any CPU
		{CF48D6A6-0EF8-48D5-9F64-1AD671E81D18}.Debug|Any CPU.Build.0 = Debug|Any CPU
		{CF48D6A6-0EF8-48D5-9F64-1AD671E81D18}.Release|Any CPU.ActiveCfg = Release|Any CPU
		{CF48D6A6-0EF8-48D5-9F64-1AD671E81D18}.Release|Any CPU.Build.0 = Release|Any CPU
		{D13FD020-E596-4FF9-91C5-78C7048CD839}.Debug|Any CPU.ActiveCfg = Debug|Any CPU
		{D13FD020-E596-4FF9-91C5-78C7048CD839}.Debug|Any CPU.Build.0 = Debug|Any CPU
		{D13FD020-E596-4FF9-91C5-78C7048CD839}.Release|Any CPU.ActiveCfg = Release|Any CPU
		{D13FD020-E596-4FF9-91C5-78C7048CD839}.Release|Any CPU.Build.0 = Release|Any CPU
	EndGlobalSection
	GlobalSection(SolutionProperties) = preSolution
		HideSolutionNode = FALSE
	EndGlobalSection
EndGlobal
